// !$*UTF8*$!
{
	archiveVersion = 1;
	classes = {
	};
	objectVersion = 56;
	objects = {

/* Begin PBXBuildFile section */
		514C5C082A2E59A5004AF845 /* DatabaseManager.swift in Sources */ = {isa = PBXBuildFile; fileRef = 514C5C072A2E59A5004AF845 /* DatabaseManager.swift */; };
		518B57A32A2BA8C1001FFD10 /* AppDelegate.swift in Sources */ = {isa = PBXBuildFile; fileRef = 518B57A22A2BA8C1001FFD10 /* AppDelegate.swift */; };
		518B57A52A2BA8C1001FFD10 /* SceneDelegate.swift in Sources */ = {isa = PBXBuildFile; fileRef = 518B57A42A2BA8C1001FFD10 /* SceneDelegate.swift */; };
		518B57A72A2BA8C1001FFD10 /* ConvertationsViewController.swift in Sources */ = {isa = PBXBuildFile; fileRef = 518B57A62A2BA8C1001FFD10 /* ConvertationsViewController.swift */; };
		518B57AA2A2BA8C1001FFD10 /* Main.storyboard in Resources */ = {isa = PBXBuildFile; fileRef = 518B57A82A2BA8C1001FFD10 /* Main.storyboard */; };
		518B57AC2A2BA8C2001FFD10 /* Assets.xcassets in Resources */ = {isa = PBXBuildFile; fileRef = 518B57AB2A2BA8C2001FFD10 /* Assets.xcassets */; };
		518B57AF2A2BA8C2001FFD10 /* LaunchScreen.storyboard in Resources */ = {isa = PBXBuildFile; fileRef = 518B57AD2A2BA8C2001FFD10 /* LaunchScreen.storyboard */; };
		518B57BE2A2BAC00001FFD10 /* LoginViewController.swift in Sources */ = {isa = PBXBuildFile; fileRef = 518B57BD2A2BAC00001FFD10 /* LoginViewController.swift */; };
		518B57C02A2BAC0F001FFD10 /* RegisterViewController.swift in Sources */ = {isa = PBXBuildFile; fileRef = 518B57BF2A2BAC0F001FFD10 /* RegisterViewController.swift */; };
		518B57C22A2BAC30001FFD10 /* PhotoViewerViewController.swift in Sources */ = {isa = PBXBuildFile; fileRef = 518B57C12A2BAC30001FFD10 /* PhotoViewerViewController.swift */; };
		518B57C42A2BAC3C001FFD10 /* VideoPlayerViewController.swift in Sources */ = {isa = PBXBuildFile; fileRef = 518B57C32A2BAC3C001FFD10 /* VideoPlayerViewController.swift */; };
		518B57C62A2BAC6A001FFD10 /* NewConversationViewController.swift in Sources */ = {isa = PBXBuildFile; fileRef = 518B57C52A2BAC6A001FFD10 /* NewConversationViewController.swift */; };
		518B57C82A2BAC72001FFD10 /* ProfileViewController.swift in Sources */ = {isa = PBXBuildFile; fileRef = 518B57C72A2BAC72001FFD10 /* ProfileViewController.swift */; };
		518B57CB2A2BB46C001FFD10 /* Extensions.swift in Sources */ = {isa = PBXBuildFile; fileRef = 518B57CA2A2BB46C001FFD10 /* Extensions.swift */; };
		AA15C828767F83A967D9C259 /* Pods_Messenger.framework in Frameworks */ = {isa = PBXBuildFile; fileRef = 0237EC8F4CBB5A49C296C787 /* Pods_Messenger.framework */; };
		F01F543F2A3A36B800635175 /* JGProgressHUD in Frameworks */ = {isa = PBXBuildFile; productRef = F01F543E2A3A36B800635175 /* JGProgressHUD */; };
		F01F54422A3A379000635175 /* MessageKit in Frameworks */ = {isa = PBXBuildFile; productRef = F01F54412A3A379000635175 /* MessageKit */; };
		F01F54452A3A38A500635175 /* Realm in Frameworks */ = {isa = PBXBuildFile; productRef = F01F54442A3A38A500635175 /* Realm */; };
		F01F54472A3A38A500635175 /* RealmSwift in Frameworks */ = {isa = PBXBuildFile; productRef = F01F54462A3A38A500635175 /* RealmSwift */; };
		F01F544A2A3A38F100635175 /* SDWebImage in Frameworks */ = {isa = PBXBuildFile; productRef = F01F54492A3A38F100635175 /* SDWebImage */; };
		F01F544C2A3A3CD500635175 /* ChatViewController.swift in Sources */ = {isa = PBXBuildFile; fileRef = F01F544B2A3A3CD500635175 /* ChatViewController.swift */; };
		F055F7B32A358F870043C750 /* GoogleService-Info.plist in Resources */ = {isa = PBXBuildFile; fileRef = F055F7B22A358F870043C750 /* GoogleService-Info.plist */; };
		F055F7B62A35907B0043C750 /* GoogleSignIn in Frameworks */ = {isa = PBXBuildFile; productRef = F055F7B52A35907B0043C750 /* GoogleSignIn */; };
		F055F7B82A35907B0043C750 /* GoogleSignInSwift in Frameworks */ = {isa = PBXBuildFile; productRef = F055F7B72A35907B0043C750 /* GoogleSignInSwift */; };
		F0D76A472A3497B900BB3F88 /* FacebookLogin in Frameworks */ = {isa = PBXBuildFile; productRef = F0D76A462A3497B900BB3F88 /* FacebookLogin */; };
/* End PBXBuildFile section */

/* Begin PBXFileReference section */
		0237EC8F4CBB5A49C296C787 /* Pods_Messenger.framework */ = {isa = PBXFileReference; explicitFileType = wrapper.framework; includeInIndex = 0; path = Pods_Messenger.framework; sourceTree = BUILT_PRODUCTS_DIR; };
		202497FD96F976E25B99C7AD /* Pods-Messenger.debug.xcconfig */ = {isa = PBXFileReference; includeInIndex = 1; lastKnownFileType = text.xcconfig; name = "Pods-Messenger.debug.xcconfig"; path = "Target Support Files/Pods-Messenger/Pods-Messenger.debug.xcconfig"; sourceTree = "<group>"; };
		514C5C072A2E59A5004AF845 /* DatabaseManager.swift */ = {isa = PBXFileReference; lastKnownFileType = sourcecode.swift; path = DatabaseManager.swift; sourceTree = "<group>"; };
		518B579F2A2BA8C1001FFD10 /* Messenger.app */ = {isa = PBXFileReference; explicitFileType = wrapper.application; includeInIndex = 0; path = Messenger.app; sourceTree = BUILT_PRODUCTS_DIR; };
		518B57A22A2BA8C1001FFD10 /* AppDelegate.swift */ = {isa = PBXFileReference; lastKnownFileType = sourcecode.swift; path = AppDelegate.swift; sourceTree = "<group>"; };
		518B57A42A2BA8C1001FFD10 /* SceneDelegate.swift */ = {isa = PBXFileReference; lastKnownFileType = sourcecode.swift; path = SceneDelegate.swift; sourceTree = "<group>"; };
		518B57A62A2BA8C1001FFD10 /* ConvertationsViewController.swift */ = {isa = PBXFileReference; lastKnownFileType = sourcecode.swift; path = ConvertationsViewController.swift; sourceTree = "<group>"; };
		518B57A92A2BA8C1001FFD10 /* Base */ = {isa = PBXFileReference; lastKnownFileType = file.storyboard; name = Base; path = Base.lproj/Main.storyboard; sourceTree = "<group>"; };
		518B57AB2A2BA8C2001FFD10 /* Assets.xcassets */ = {isa = PBXFileReference; lastKnownFileType = folder.assetcatalog; path = Assets.xcassets; sourceTree = "<group>"; };
		518B57AE2A2BA8C2001FFD10 /* Base */ = {isa = PBXFileReference; lastKnownFileType = file.storyboard; name = Base; path = Base.lproj/LaunchScreen.storyboard; sourceTree = "<group>"; };
		518B57B02A2BA8C2001FFD10 /* Info.plist */ = {isa = PBXFileReference; lastKnownFileType = text.plist.xml; path = Info.plist; sourceTree = "<group>"; };
		518B57B62A2BAA14001FFD10 /* readme.md */ = {isa = PBXFileReference; lastKnownFileType = net.daringfireball.markdown; path = readme.md; sourceTree = "<group>"; };
		518B57BD2A2BAC00001FFD10 /* LoginViewController.swift */ = {isa = PBXFileReference; lastKnownFileType = sourcecode.swift; path = LoginViewController.swift; sourceTree = "<group>"; };
		518B57BF2A2BAC0F001FFD10 /* RegisterViewController.swift */ = {isa = PBXFileReference; lastKnownFileType = sourcecode.swift; path = RegisterViewController.swift; sourceTree = "<group>"; };
		518B57C12A2BAC30001FFD10 /* PhotoViewerViewController.swift */ = {isa = PBXFileReference; lastKnownFileType = sourcecode.swift; path = PhotoViewerViewController.swift; sourceTree = "<group>"; };
		518B57C32A2BAC3C001FFD10 /* VideoPlayerViewController.swift */ = {isa = PBXFileReference; lastKnownFileType = sourcecode.swift; path = VideoPlayerViewController.swift; sourceTree = "<group>"; };
		518B57C52A2BAC6A001FFD10 /* NewConversationViewController.swift */ = {isa = PBXFileReference; lastKnownFileType = sourcecode.swift; path = NewConversationViewController.swift; sourceTree = "<group>"; };
		518B57C72A2BAC72001FFD10 /* ProfileViewController.swift */ = {isa = PBXFileReference; lastKnownFileType = sourcecode.swift; path = ProfileViewController.swift; sourceTree = "<group>"; };
		518B57CA2A2BB46C001FFD10 /* Extensions.swift */ = {isa = PBXFileReference; lastKnownFileType = sourcecode.swift; path = Extensions.swift; sourceTree = "<group>"; };
		92689267DD6668908F976BE6 /* Pods-Messenger.release.xcconfig */ = {isa = PBXFileReference; includeInIndex = 1; lastKnownFileType = text.xcconfig; name = "Pods-Messenger.release.xcconfig"; path = "Target Support Files/Pods-Messenger/Pods-Messenger.release.xcconfig"; sourceTree = "<group>"; };
		F01F544B2A3A3CD500635175 /* ChatViewController.swift */ = {isa = PBXFileReference; lastKnownFileType = sourcecode.swift; path = ChatViewController.swift; sourceTree = "<group>"; };
		F03575592A348AEE00DD098F /* Messenger.entitlements */ = {isa = PBXFileReference; lastKnownFileType = text.plist.entitlements; path = Messenger.entitlements; sourceTree = "<group>"; };
		F055F7B22A358F870043C750 /* GoogleService-Info.plist */ = {isa = PBXFileReference; fileEncoding = 4; lastKnownFileType = text.plist.xml; name = "GoogleService-Info.plist"; path = "../../../../Downloads/GoogleService-Info.plist"; sourceTree = "<group>"; };
/* End PBXFileReference section */

/* Begin PBXFrameworksBuildPhase section */
		518B579C2A2BA8C1001FFD10 /* Frameworks */ = {
			isa = PBXFrameworksBuildPhase;
			buildActionMask = 2147483647;
			files = (
				F01F54472A3A38A500635175 /* RealmSwift in Frameworks */,
				F01F54452A3A38A500635175 /* Realm in Frameworks */,
				F0D76A472A3497B900BB3F88 /* FacebookLogin in Frameworks */,
				AA15C828767F83A967D9C259 /* Pods_Messenger.framework in Frameworks */,
				F055F7B62A35907B0043C750 /* GoogleSignIn in Frameworks */,
				F01F54422A3A379000635175 /* MessageKit in Frameworks */,
				F01F544A2A3A38F100635175 /* SDWebImage in Frameworks */,
				F055F7B82A35907B0043C750 /* GoogleSignInSwift in Frameworks */,
				F01F543F2A3A36B800635175 /* JGProgressHUD in Frameworks */,
			);
			runOnlyForDeploymentPostprocessing = 0;
		};
/* End PBXFrameworksBuildPhase section */

/* Begin PBXGroup section */
		248E0D43878C1D1459E2F65A /* Pods */ = {
			isa = PBXGroup;
			children = (
				202497FD96F976E25B99C7AD /* Pods-Messenger.debug.xcconfig */,
				92689267DD6668908F976BE6 /* Pods-Messenger.release.xcconfig */,
			);
			path = Pods;
			sourceTree = "<group>";
		};
		4299994FECDE30E15056414E /* Frameworks */ = {
			isa = PBXGroup;
			children = (
				0237EC8F4CBB5A49C296C787 /* Pods_Messenger.framework */,
			);
			name = Frameworks;
			sourceTree = "<group>";
		};
		518B57962A2BA8C1001FFD10 = {
			isa = PBXGroup;
			children = (
				518B57B62A2BAA14001FFD10 /* readme.md */,
				518B57A12A2BA8C1001FFD10 /* Messenger */,
				518B57A02A2BA8C1001FFD10 /* Products */,
				248E0D43878C1D1459E2F65A /* Pods */,
				4299994FECDE30E15056414E /* Frameworks */,
			);
			sourceTree = "<group>";
		};
		518B57A02A2BA8C1001FFD10 /* Products */ = {
			isa = PBXGroup;
			children = (
				518B579F2A2BA8C1001FFD10 /* Messenger.app */,
			);
			name = Products;
			sourceTree = "<group>";
		};
		518B57A12A2BA8C1001FFD10 /* Messenger */ = {
			isa = PBXGroup;
			children = (
				F03575592A348AEE00DD098F /* Messenger.entitlements */,
				F055F7B22A358F870043C750 /* GoogleService-Info.plist */,
				518B57BB2A2BAAC6001FFD10 /* Resources */,
				518B57B92A2BAAA7001FFD10 /* ViewModels */,
				518B57BA2A2BAABA001FFD10 /* Models */,
				518B57B82A2BAA9B001FFD10 /* Views */,
				518B57B72A2BAA8A001FFD10 /* Controllers */,
				518B57B02A2BA8C2001FFD10 /* Info.plist */,
			);
			path = Messenger;
			sourceTree = "<group>";
		};
		518B57B72A2BAA8A001FFD10 /* Controllers */ = {
			isa = PBXGroup;
			children = (
				518B57A62A2BA8C1001FFD10 /* ConvertationsViewController.swift */,
				518B57C92A2BAD77001FFD10 /* Login */,
				518B57C12A2BAC30001FFD10 /* PhotoViewerViewController.swift */,
				518B57C32A2BAC3C001FFD10 /* VideoPlayerViewController.swift */,
				518B57C52A2BAC6A001FFD10 /* NewConversationViewController.swift */,
				518B57C72A2BAC72001FFD10 /* ProfileViewController.swift */,
				F01F544B2A3A3CD500635175 /* ChatViewController.swift */,
			);
			path = Controllers;
			sourceTree = "<group>";
		};
		518B57B82A2BAA9B001FFD10 /* Views */ = {
			isa = PBXGroup;
			children = (
				518B57BC2A2BAB09001FFD10 /* Storyboards */,
				518B57AB2A2BA8C2001FFD10 /* Assets.xcassets */,
			);
			path = Views;
			sourceTree = "<group>";
		};
		518B57B92A2BAAA7001FFD10 /* ViewModels */ = {
			isa = PBXGroup;
			children = (
			);
			path = ViewModels;
			sourceTree = "<group>";
		};
		518B57BA2A2BAABA001FFD10 /* Models */ = {
			isa = PBXGroup;
			children = (
			);
			path = Models;
			sourceTree = "<group>";
		};
		518B57BB2A2BAAC6001FFD10 /* Resources */ = {
			isa = PBXGroup;
			children = (
				518B57A22A2BA8C1001FFD10 /* AppDelegate.swift */,
				518B57A42A2BA8C1001FFD10 /* SceneDelegate.swift */,
				518B57CA2A2BB46C001FFD10 /* Extensions.swift */,
				514C5C072A2E59A5004AF845 /* DatabaseManager.swift */,
			);
			path = Resources;
			sourceTree = "<group>";
		};
		518B57BC2A2BAB09001FFD10 /* Storyboards */ = {
			isa = PBXGroup;
			children = (
				518B57A82A2BA8C1001FFD10 /* Main.storyboard */,
				518B57AD2A2BA8C2001FFD10 /* LaunchScreen.storyboard */,
			);
			path = Storyboards;
			sourceTree = "<group>";
		};
		518B57C92A2BAD77001FFD10 /* Login */ = {
			isa = PBXGroup;
			children = (
				518B57BD2A2BAC00001FFD10 /* LoginViewController.swift */,
				518B57BF2A2BAC0F001FFD10 /* RegisterViewController.swift */,
			);
			path = Login;
			sourceTree = "<group>";
		};
/* End PBXGroup section */

/* Begin PBXNativeTarget section */
		518B579E2A2BA8C1001FFD10 /* Messenger */ = {
			isa = PBXNativeTarget;
			buildConfigurationList = 518B57B32A2BA8C2001FFD10 /* Build configuration list for PBXNativeTarget "Messenger" */;
			buildPhases = (
				C145AB4753C612D9F5C97CFF /* [CP] Check Pods Manifest.lock */,
				518B579B2A2BA8C1001FFD10 /* Sources */,
				518B579C2A2BA8C1001FFD10 /* Frameworks */,
				518B579D2A2BA8C1001FFD10 /* Resources */,
				15CD56AA69CF1F00582599AC /* [CP] Embed Pods Frameworks */,
			);
			buildRules = (
			);
			dependencies = (
			);
			name = Messenger;
			packageProductDependencies = (
				F0D76A462A3497B900BB3F88 /* FacebookLogin */,
				F055F7B52A35907B0043C750 /* GoogleSignIn */,
				F055F7B72A35907B0043C750 /* GoogleSignInSwift */,
				F01F543E2A3A36B800635175 /* JGProgressHUD */,
				F01F54412A3A379000635175 /* MessageKit */,
				F01F54442A3A38A500635175 /* Realm */,
				F01F54462A3A38A500635175 /* RealmSwift */,
				F01F54492A3A38F100635175 /* SDWebImage */,
			);
			productName = Messenger;
			productReference = 518B579F2A2BA8C1001FFD10 /* Messenger.app */;
			productType = "com.apple.product-type.application";
		};
/* End PBXNativeTarget section */

/* Begin PBXProject section */
		518B57972A2BA8C1001FFD10 /* Project object */ = {
			isa = PBXProject;
			attributes = {
				BuildIndependentTargetsInParallel = 1;
				LastSwiftUpdateCheck = 1430;
				LastUpgradeCheck = 1430;
				TargetAttributes = {
					518B579E2A2BA8C1001FFD10 = {
						CreatedOnToolsVersion = 14.3;
					};
				};
			};
			buildConfigurationList = 518B579A2A2BA8C1001FFD10 /* Build configuration list for PBXProject "Messenger" */;
			compatibilityVersion = "Xcode 14.0";
			developmentRegion = en;
			hasScannedForEncodings = 0;
			knownRegions = (
				en,
				Base,
			);
			mainGroup = 518B57962A2BA8C1001FFD10;
			packageReferences = (
				F0D76A452A3497B900BB3F88 /* XCRemoteSwiftPackageReference "facebook-ios-sdk" */,
				F055F7B42A35907B0043C750 /* XCRemoteSwiftPackageReference "GoogleSignIn-iOS" */,
				F01F543D2A3A36B800635175 /* XCRemoteSwiftPackageReference "JGProgressHUD" */,
				F01F54402A3A379000635175 /* XCRemoteSwiftPackageReference "MessageKit" */,
				F01F54432A3A38A500635175 /* XCRemoteSwiftPackageReference "realm-swift" */,
				F01F54482A3A38F100635175 /* XCRemoteSwiftPackageReference "SDWebImage" */,
			);
			productRefGroup = 518B57A02A2BA8C1001FFD10 /* Products */;
			projectDirPath = "";
			projectRoot = "";
			targets = (
				518B579E2A2BA8C1001FFD10 /* Messenger */,
			);
		};
/* End PBXProject section */

/* Begin PBXResourcesBuildPhase section */
		518B579D2A2BA8C1001FFD10 /* Resources */ = {
			isa = PBXResourcesBuildPhase;
			buildActionMask = 2147483647;
			files = (
				518B57AF2A2BA8C2001FFD10 /* LaunchScreen.storyboard in Resources */,
				F055F7B32A358F870043C750 /* GoogleService-Info.plist in Resources */,
				518B57AC2A2BA8C2001FFD10 /* Assets.xcassets in Resources */,
				518B57AA2A2BA8C1001FFD10 /* Main.storyboard in Resources */,
			);
			runOnlyForDeploymentPostprocessing = 0;
		};
/* End PBXResourcesBuildPhase section */

/* Begin PBXShellScriptBuildPhase section */
		15CD56AA69CF1F00582599AC /* [CP] Embed Pods Frameworks */ = {
			isa = PBXShellScriptBuildPhase;
			buildActionMask = 2147483647;
			files = (
			);
			inputFileListPaths = (
				"${PODS_ROOT}/Target Support Files/Pods-Messenger/Pods-Messenger-frameworks-${CONFIGURATION}-input-files.xcfilelist",
			);
			name = "[CP] Embed Pods Frameworks";
			outputFileListPaths = (
				"${PODS_ROOT}/Target Support Files/Pods-Messenger/Pods-Messenger-frameworks-${CONFIGURATION}-output-files.xcfilelist",
			);
			runOnlyForDeploymentPostprocessing = 0;
			shellPath = /bin/sh;
			shellScript = "\"${PODS_ROOT}/Target Support Files/Pods-Messenger/Pods-Messenger-frameworks.sh\"\n";
			showEnvVarsInLog = 0;
		};
		C145AB4753C612D9F5C97CFF /* [CP] Check Pods Manifest.lock */ = {
			isa = PBXShellScriptBuildPhase;
			buildActionMask = 2147483647;
			files = (
			);
			inputFileListPaths = (
			);
			inputPaths = (
				"${PODS_PODFILE_DIR_PATH}/Podfile.lock",
				"${PODS_ROOT}/Manifest.lock",
			);
			name = "[CP] Check Pods Manifest.lock";
			outputFileListPaths = (
			);
			outputPaths = (
				"$(DERIVED_FILE_DIR)/Pods-Messenger-checkManifestLockResult.txt",
			);
			runOnlyForDeploymentPostprocessing = 0;
			shellPath = /bin/sh;
			shellScript = "diff \"${PODS_PODFILE_DIR_PATH}/Podfile.lock\" \"${PODS_ROOT}/Manifest.lock\" > /dev/null\nif [ $? != 0 ] ; then\n    # print error to STDERR\n    echo \"error: The sandbox is not in sync with the Podfile.lock. Run 'pod install' or update your CocoaPods installation.\" >&2\n    exit 1\nfi\n# This output is used by Xcode 'outputs' to avoid re-running this script phase.\necho \"SUCCESS\" > \"${SCRIPT_OUTPUT_FILE_0}\"\n";
			showEnvVarsInLog = 0;
		};
/* End PBXShellScriptBuildPhase section */

/* Begin PBXSourcesBuildPhase section */
		518B579B2A2BA8C1001FFD10 /* Sources */ = {
			isa = PBXSourcesBuildPhase;
			buildActionMask = 2147483647;
			files = (
				518B57BE2A2BAC00001FFD10 /* LoginViewController.swift in Sources */,
				514C5C082A2E59A5004AF845 /* DatabaseManager.swift in Sources */,
				518B57C02A2BAC0F001FFD10 /* RegisterViewController.swift in Sources */,
				518B57C62A2BAC6A001FFD10 /* NewConversationViewController.swift in Sources */,
				518B57A72A2BA8C1001FFD10 /* ConvertationsViewController.swift in Sources */,
				518B57C42A2BAC3C001FFD10 /* VideoPlayerViewController.swift in Sources */,
				518B57CB2A2BB46C001FFD10 /* Extensions.swift in Sources */,
				518B57A32A2BA8C1001FFD10 /* AppDelegate.swift in Sources */,
				518B57C82A2BAC72001FFD10 /* ProfileViewController.swift in Sources */,
				518B57A52A2BA8C1001FFD10 /* SceneDelegate.swift in Sources */,
				F01F544C2A3A3CD500635175 /* ChatViewController.swift in Sources */,
				518B57C22A2BAC30001FFD10 /* PhotoViewerViewController.swift in Sources */,
			);
			runOnlyForDeploymentPostprocessing = 0;
		};
/* End PBXSourcesBuildPhase section */

/* Begin PBXVariantGroup section */
		518B57A82A2BA8C1001FFD10 /* Main.storyboard */ = {
			isa = PBXVariantGroup;
			children = (
				518B57A92A2BA8C1001FFD10 /* Base */,
			);
			name = Main.storyboard;
			sourceTree = "<group>";
		};
		518B57AD2A2BA8C2001FFD10 /* LaunchScreen.storyboard */ = {
			isa = PBXVariantGroup;
			children = (
				518B57AE2A2BA8C2001FFD10 /* Base */,
			);
			name = LaunchScreen.storyboard;
			sourceTree = "<group>";
		};
/* End PBXVariantGroup section */

/* Begin XCBuildConfiguration section */
		518B57B12A2BA8C2001FFD10 /* Debug */ = {
			isa = XCBuildConfiguration;
			buildSettings = {
				ALWAYS_SEARCH_USER_PATHS = NO;
				CLANG_ANALYZER_NONNULL = YES;
				CLANG_ANALYZER_NUMBER_OBJECT_CONVERSION = YES_AGGRESSIVE;
				CLANG_CXX_LANGUAGE_STANDARD = "gnu++20";
				CLANG_ENABLE_MODULES = YES;
				CLANG_ENABLE_OBJC_ARC = YES;
				CLANG_ENABLE_OBJC_WEAK = YES;
				CLANG_WARN_BLOCK_CAPTURE_AUTORELEASING = YES;
				CLANG_WARN_BOOL_CONVERSION = YES;
				CLANG_WARN_COMMA = YES;
				CLANG_WARN_CONSTANT_CONVERSION = YES;
				CLANG_WARN_DEPRECATED_OBJC_IMPLEMENTATIONS = YES;
				CLANG_WARN_DIRECT_OBJC_ISA_USAGE = YES_ERROR;
				CLANG_WARN_DOCUMENTATION_COMMENTS = YES;
				CLANG_WARN_EMPTY_BODY = YES;
				CLANG_WARN_ENUM_CONVERSION = YES;
				CLANG_WARN_INFINITE_RECURSION = YES;
				CLANG_WARN_INT_CONVERSION = YES;
				CLANG_WARN_NON_LITERAL_NULL_CONVERSION = YES;
				CLANG_WARN_OBJC_IMPLICIT_RETAIN_SELF = YES;
				CLANG_WARN_OBJC_LITERAL_CONVERSION = YES;
				CLANG_WARN_OBJC_ROOT_CLASS = YES_ERROR;
				CLANG_WARN_QUOTED_INCLUDE_IN_FRAMEWORK_HEADER = YES;
				CLANG_WARN_RANGE_LOOP_ANALYSIS = YES;
				CLANG_WARN_STRICT_PROTOTYPES = YES;
				CLANG_WARN_SUSPICIOUS_MOVE = YES;
				CLANG_WARN_UNGUARDED_AVAILABILITY = YES_AGGRESSIVE;
				CLANG_WARN_UNREACHABLE_CODE = YES;
				CLANG_WARN__DUPLICATE_METHOD_MATCH = YES;
				COPY_PHASE_STRIP = NO;
				DEBUG_INFORMATION_FORMAT = dwarf;
				ENABLE_STRICT_OBJC_MSGSEND = YES;
				ENABLE_TESTABILITY = YES;
				GCC_C_LANGUAGE_STANDARD = gnu11;
				GCC_DYNAMIC_NO_PIC = NO;
				GCC_NO_COMMON_BLOCKS = YES;
				GCC_OPTIMIZATION_LEVEL = 0;
				GCC_PREPROCESSOR_DEFINITIONS = (
					"DEBUG=1",
					"$(inherited)",
				);
				GCC_WARN_64_TO_32_BIT_CONVERSION = YES;
				GCC_WARN_ABOUT_RETURN_TYPE = YES_ERROR;
				GCC_WARN_UNDECLARED_SELECTOR = YES;
				GCC_WARN_UNINITIALIZED_AUTOS = YES_AGGRESSIVE;
				GCC_WARN_UNUSED_FUNCTION = YES;
				GCC_WARN_UNUSED_VARIABLE = YES;
				IPHONEOS_DEPLOYMENT_TARGET = 16.4;
				MTL_ENABLE_DEBUG_INFO = INCLUDE_SOURCE;
				MTL_FAST_MATH = YES;
				ONLY_ACTIVE_ARCH = YES;
				SDKROOT = iphoneos;
				SWIFT_ACTIVE_COMPILATION_CONDITIONS = DEBUG;
				SWIFT_OPTIMIZATION_LEVEL = "-Onone";
			};
			name = Debug;
		};
		518B57B22A2BA8C2001FFD10 /* Release */ = {
			isa = XCBuildConfiguration;
			buildSettings = {
				ALWAYS_SEARCH_USER_PATHS = NO;
				CLANG_ANALYZER_NONNULL = YES;
				CLANG_ANALYZER_NUMBER_OBJECT_CONVERSION = YES_AGGRESSIVE;
				CLANG_CXX_LANGUAGE_STANDARD = "gnu++20";
				CLANG_ENABLE_MODULES = YES;
				CLANG_ENABLE_OBJC_ARC = YES;
				CLANG_ENABLE_OBJC_WEAK = YES;
				CLANG_WARN_BLOCK_CAPTURE_AUTORELEASING = YES;
				CLANG_WARN_BOOL_CONVERSION = YES;
				CLANG_WARN_COMMA = YES;
				CLANG_WARN_CONSTANT_CONVERSION = YES;
				CLANG_WARN_DEPRECATED_OBJC_IMPLEMENTATIONS = YES;
				CLANG_WARN_DIRECT_OBJC_ISA_USAGE = YES_ERROR;
				CLANG_WARN_DOCUMENTATION_COMMENTS = YES;
				CLANG_WARN_EMPTY_BODY = YES;
				CLANG_WARN_ENUM_CONVERSION = YES;
				CLANG_WARN_INFINITE_RECURSION = YES;
				CLANG_WARN_INT_CONVERSION = YES;
				CLANG_WARN_NON_LITERAL_NULL_CONVERSION = YES;
				CLANG_WARN_OBJC_IMPLICIT_RETAIN_SELF = YES;
				CLANG_WARN_OBJC_LITERAL_CONVERSION = YES;
				CLANG_WARN_OBJC_ROOT_CLASS = YES_ERROR;
				CLANG_WARN_QUOTED_INCLUDE_IN_FRAMEWORK_HEADER = YES;
				CLANG_WARN_RANGE_LOOP_ANALYSIS = YES;
				CLANG_WARN_STRICT_PROTOTYPES = YES;
				CLANG_WARN_SUSPICIOUS_MOVE = YES;
				CLANG_WARN_UNGUARDED_AVAILABILITY = YES_AGGRESSIVE;
				CLANG_WARN_UNREACHABLE_CODE = YES;
				CLANG_WARN__DUPLICATE_METHOD_MATCH = YES;
				COPY_PHASE_STRIP = NO;
				DEBUG_INFORMATION_FORMAT = "dwarf-with-dsym";
				ENABLE_NS_ASSERTIONS = NO;
				ENABLE_STRICT_OBJC_MSGSEND = YES;
				GCC_C_LANGUAGE_STANDARD = gnu11;
				GCC_NO_COMMON_BLOCKS = YES;
				GCC_WARN_64_TO_32_BIT_CONVERSION = YES;
				GCC_WARN_ABOUT_RETURN_TYPE = YES_ERROR;
				GCC_WARN_UNDECLARED_SELECTOR = YES;
				GCC_WARN_UNINITIALIZED_AUTOS = YES_AGGRESSIVE;
				GCC_WARN_UNUSED_FUNCTION = YES;
				GCC_WARN_UNUSED_VARIABLE = YES;
				IPHONEOS_DEPLOYMENT_TARGET = 16.4;
				MTL_ENABLE_DEBUG_INFO = NO;
				MTL_FAST_MATH = YES;
				SDKROOT = iphoneos;
				SWIFT_COMPILATION_MODE = wholemodule;
				SWIFT_OPTIMIZATION_LEVEL = "-O";
				VALIDATE_PRODUCT = YES;
			};
			name = Release;
		};
		518B57B42A2BA8C2001FFD10 /* Debug */ = {
			isa = XCBuildConfiguration;
			baseConfigurationReference = 202497FD96F976E25B99C7AD /* Pods-Messenger.debug.xcconfig */;
			buildSettings = {
				ASSETCATALOG_COMPILER_APPICON_NAME = AppIcon;
				ASSETCATALOG_COMPILER_GLOBAL_ACCENT_COLOR_NAME = AccentColor;
				CODE_SIGN_ENTITLEMENTS = Messenger/Messenger.entitlements;
				CODE_SIGN_STYLE = Automatic;
				CURRENT_PROJECT_VERSION = 1;
				DEVELOPMENT_TEAM = 5YYRM2HX2Q;
				GENERATE_INFOPLIST_FILE = YES;
				INFOPLIST_FILE = Messenger/Info.plist;
				INFOPLIST_KEY_NSCameraUsageDescription = "Please allow access to take a profile picture";
				INFOPLIST_KEY_NSPhotoLibraryAddUsageDescription = "Please allow access to select a photo for your profile";
				INFOPLIST_KEY_UIApplicationSupportsIndirectInputEvents = YES;
				INFOPLIST_KEY_UILaunchStoryboardName = LaunchScreen;
				INFOPLIST_KEY_UIMainStoryboardFile = Main;
				INFOPLIST_KEY_UISupportedInterfaceOrientations = UIInterfaceOrientationPortrait;
				INFOPLIST_KEY_UISupportedInterfaceOrientations_iPad = "UIInterfaceOrientationPortrait UIInterfaceOrientationPortraitUpsideDown";
				INFOPLIST_KEY_UIUserInterfaceStyle = Light;
				IPHONEOS_DEPLOYMENT_TARGET = 15.6;
				LD_RUNPATH_SEARCH_PATHS = (
					"$(inherited)",
					"@executable_path/Frameworks",
				);
				MARKETING_VERSION = 1.0;
				PRODUCT_BUNDLE_IDENTIFIER = shubhamlekhak.Messenger;
				PRODUCT_NAME = "$(TARGET_NAME)";
				SUPPORTED_PLATFORMS = "iphoneos iphonesimulator";
				SUPPORTS_MACCATALYST = NO;
				SUPPORTS_MAC_DESIGNED_FOR_IPHONE_IPAD = NO;
				SWIFT_EMIT_LOC_STRINGS = YES;
				SWIFT_VERSION = 5.0;
				TARGETED_DEVICE_FAMILY = "1,2";
			};
			name = Debug;
		};
		518B57B52A2BA8C2001FFD10 /* Release */ = {
			isa = XCBuildConfiguration;
			baseConfigurationReference = 92689267DD6668908F976BE6 /* Pods-Messenger.release.xcconfig */;
			buildSettings = {
				ASSETCATALOG_COMPILER_APPICON_NAME = AppIcon;
				ASSETCATALOG_COMPILER_GLOBAL_ACCENT_COLOR_NAME = AccentColor;
				CODE_SIGN_ENTITLEMENTS = Messenger/Messenger.entitlements;
				CODE_SIGN_STYLE = Automatic;
				CURRENT_PROJECT_VERSION = 1;
				DEVELOPMENT_TEAM = 5YYRM2HX2Q;
				GENERATE_INFOPLIST_FILE = YES;
				INFOPLIST_FILE = Messenger/Info.plist;
				INFOPLIST_KEY_NSCameraUsageDescription = "Please allow access to take a profile picture";
				INFOPLIST_KEY_NSPhotoLibraryAddUsageDescription = "Please allow access to select a photo for your profile";
				INFOPLIST_KEY_UIApplicationSupportsIndirectInputEvents = YES;
				INFOPLIST_KEY_UILaunchStoryboardName = LaunchScreen;
				INFOPLIST_KEY_UIMainStoryboardFile = Main;
				INFOPLIST_KEY_UISupportedInterfaceOrientations = UIInterfaceOrientationPortrait;
				INFOPLIST_KEY_UISupportedInterfaceOrientations_iPad = "UIInterfaceOrientationPortrait UIInterfaceOrientationPortraitUpsideDown";
				INFOPLIST_KEY_UIUserInterfaceStyle = Light;
				IPHONEOS_DEPLOYMENT_TARGET = 15.6;
				LD_RUNPATH_SEARCH_PATHS = (
					"$(inherited)",
					"@executable_path/Frameworks",
				);
				MARKETING_VERSION = 1.0;
				PRODUCT_BUNDLE_IDENTIFIER = shubhamlekhak.Messenger;
				PRODUCT_NAME = "$(TARGET_NAME)";
				SUPPORTED_PLATFORMS = "iphoneos iphonesimulator";
				SUPPORTS_MACCATALYST = NO;
				SUPPORTS_MAC_DESIGNED_FOR_IPHONE_IPAD = NO;
				SWIFT_EMIT_LOC_STRINGS = YES;
				SWIFT_VERSION = 5.0;
				TARGETED_DEVICE_FAMILY = "1,2";
			};
			name = Release;
		};
/* End XCBuildConfiguration section */

/* Begin XCConfigurationList section */
		518B579A2A2BA8C1001FFD10 /* Build configuration list for PBXProject "Messenger" */ = {
			isa = XCConfigurationList;
			buildConfigurations = (
				518B57B12A2BA8C2001FFD10 /* Debug */,
				518B57B22A2BA8C2001FFD10 /* Release */,
			);
			defaultConfigurationIsVisible = 0;
			defaultConfigurationName = Release;
		};
		518B57B32A2BA8C2001FFD10 /* Build configuration list for PBXNativeTarget "Messenger" */ = {
			isa = XCConfigurationList;
			buildConfigurations = (
				518B57B42A2BA8C2001FFD10 /* Debug */,
				518B57B52A2BA8C2001FFD10 /* Release */,
			);
			defaultConfigurationIsVisible = 0;
			defaultConfigurationName = Release;
		};
/* End XCConfigurationList section */

/* Begin XCRemoteSwiftPackageReference section */
		F01F543D2A3A36B800635175 /* XCRemoteSwiftPackageReference "JGProgressHUD" */ = {
			isa = XCRemoteSwiftPackageReference;
			repositoryURL = "https://github.com/JonasGessner/JGProgressHUD.git";
			requirement = {
				kind = upToNextMajorVersion;
				minimumVersion = 2.0.0;
			};
		};
		F01F54402A3A379000635175 /* XCRemoteSwiftPackageReference "MessageKit" */ = {
			isa = XCRemoteSwiftPackageReference;
			repositoryURL = "https://github.com/MessageKit/MessageKit";
			requirement = {
				kind = upToNextMajorVersion;
				minimumVersion = 4.0.0;
			};
		};
		F01F54432A3A38A500635175 /* XCRemoteSwiftPackageReference "realm-swift" */ = {
			isa = XCRemoteSwiftPackageReference;
			repositoryURL = "https://github.com/realm/realm-swift.git";
			requirement = {
				branch = master;
				kind = branch;
			};
		};
		F01F54482A3A38F100635175 /* XCRemoteSwiftPackageReference "SDWebImage" */ = {
			isa = XCRemoteSwiftPackageReference;
			repositoryURL = "https://github.com/SDWebImage/SDWebImage.git";
			requirement = {
				kind = upToNextMajorVersion;
				minimumVersion = 5.0.0;
			};
		};
		F055F7B42A35907B0043C750 /* XCRemoteSwiftPackageReference "GoogleSignIn-iOS" */ = {
			isa = XCRemoteSwiftPackageReference;
			repositoryURL = "https://github.com/google/GoogleSignIn-iOS";
			requirement = {
				kind = upToNextMajorVersion;
				minimumVersion = 7.0.0;
			};
		};
		F0D76A452A3497B900BB3F88 /* XCRemoteSwiftPackageReference "facebook-ios-sdk" */ = {
			isa = XCRemoteSwiftPackageReference;
			repositoryURL = "https://github.com/facebook/facebook-ios-sdk";
			requirement = {
				kind = upToNextMajorVersion;
				minimumVersion = 14.0.0;
			};
		};
/* End XCRemoteSwiftPackageReference section */

/* Begin XCSwiftPackageProductDependency section */
		F01F543E2A3A36B800635175 /* JGProgressHUD */ = {
			isa = XCSwiftPackageProductDependency;
			package = F01F543D2A3A36B800635175 /* XCRemoteSwiftPackageReference "JGProgressHUD" */;
			productName = JGProgressHUD;
		};
		F01F54412A3A379000635175 /* MessageKit */ = {
			isa = XCSwiftPackageProductDependency;
			package = F01F54402A3A379000635175 /* XCRemoteSwiftPackageReference "MessageKit" */;
			productName = MessageKit;
		};
		F01F54442A3A38A500635175 /* Realm */ = {
			isa = XCSwiftPackageProductDependency;
			package = F01F54432A3A38A500635175 /* XCRemoteSwiftPackageReference "realm-swift" */;
			productName = Realm;
		};
		F01F54462A3A38A500635175 /* RealmSwift */ = {
			isa = XCSwiftPackageProductDependency;
			package = F01F54432A3A38A500635175 /* XCRemoteSwiftPackageReference "realm-swift" */;
			productName = RealmSwift;
		};
		F01F54492A3A38F100635175 /* SDWebImage */ = {
			isa = XCSwiftPackageProductDependency;
			package = F01F54482A3A38F100635175 /* XCRemoteSwiftPackageReference "SDWebImage" */;
			productName = SDWebImage;
		};
		F055F7B52A35907B0043C750 /* GoogleSignIn */ = {
			isa = XCSwiftPackageProductDependency;
			package = F055F7B42A35907B0043C750 /* XCRemoteSwiftPackageReference "GoogleSignIn-iOS" */;
			productName = GoogleSignIn;
		};
		F055F7B72A35907B0043C750 /* GoogleSignInSwift */ = {
			isa = XCSwiftPackageProductDependency;
			package = F055F7B42A35907B0043C750 /* XCRemoteSwiftPackageReference "GoogleSignIn-iOS" */;
			productName = GoogleSignInSwift;
		};
		F0D76A462A3497B900BB3F88 /* FacebookLogin */ = {
			isa = XCSwiftPackageProductDependency;
			package = F0D76A452A3497B900BB3F88 /* XCRemoteSwiftPackageReference "facebook-ios-sdk" */;
			productName = FacebookLogin;
		};
/* End XCSwiftPackageProductDependency section */
	};
	rootObject = 518B57972A2BA8C1001FFD10 /* Project object */;
}
