// !$*UTF8*$!
{
	archiveVersion = 1;
	classes = {
	};
	objectVersion = 56;
	objects = {

/* Begin PBXBuildFile section */
		00A3779F4040525392EDA6D5 /* Pods_Messenger.framework in Frameworks */ = {isa = PBXBuildFile; fileRef = 0F6F37C3E69299B887C14A00 /* Pods_Messenger.framework */; };
		518B57A32A2BA8C1001FFD10 /* AppDelegate.swift in Sources */ = {isa = PBXBuildFile; fileRef = 518B57A22A2BA8C1001FFD10 /* AppDelegate.swift */; };
		518B57A52A2BA8C1001FFD10 /* SceneDelegate.swift in Sources */ = {isa = PBXBuildFile; fileRef = 518B57A42A2BA8C1001FFD10 /* SceneDelegate.swift */; };
		518B57A72A2BA8C1001FFD10 /* ConvertationsViewController.swift in Sources */ = {isa = PBXBuildFile; fileRef = 518B57A62A2BA8C1001FFD10 /* ConvertationsViewController.swift */; };
		518B57AA2A2BA8C1001FFD10 /* Main.storyboard in Resources */ = {isa = PBXBuildFile; fileRef = 518B57A82A2BA8C1001FFD10 /* Main.storyboard */; };
		518B57AC2A2BA8C2001FFD10 /* Assets.xcassets in Resources */ = {isa = PBXBuildFile; fileRef = 518B57AB2A2BA8C2001FFD10 /* Assets.xcassets */; };
		518B57AF2A2BA8C2001FFD10 /* LaunchScreen.storyboard in Resources */ = {isa = PBXBuildFile; fileRef = 518B57AD2A2BA8C2001FFD10 /* LaunchScreen.storyboard */; };
		518B57BE2A2BAC00001FFD10 /* LoginViewController.swift in Sources */ = {isa = PBXBuildFile; fileRef = 518B57BD2A2BAC00001FFD10 /* LoginViewController.swift */; };
		518B57C02A2BAC0F001FFD10 /* RegisterViewController.swift in Sources */ = {isa = PBXBuildFile; fileRef = 518B57BF2A2BAC0F001FFD10 /* RegisterViewController.swift */; };
		518B57C22A2BAC30001FFD10 /* PhotoViewerViewController.swift in Sources */ = {isa = PBXBuildFile; fileRef = 518B57C12A2BAC30001FFD10 /* PhotoViewerViewController.swift */; };
		518B57C42A2BAC3C001FFD10 /* VideoPlayerViewController.swift in Sources */ = {isa = PBXBuildFile; fileRef = 518B57C32A2BAC3C001FFD10 /* VideoPlayerViewController.swift */; };
		518B57C62A2BAC6A001FFD10 /* NewConversationViewController.swift in Sources */ = {isa = PBXBuildFile; fileRef = 518B57C52A2BAC6A001FFD10 /* NewConversationViewController.swift */; };
		518B57C82A2BAC72001FFD10 /* ProfileViewController.swift in Sources */ = {isa = PBXBuildFile; fileRef = 518B57C72A2BAC72001FFD10 /* ProfileViewController.swift */; };
		518B57CB2A2BB46C001FFD10 /* Extensions.swift in Sources */ = {isa = PBXBuildFile; fileRef = 518B57CA2A2BB46C001FFD10 /* Extensions.swift */; };
		518B57CD2A2D0975001FFD10 /* GoogleService-Info.plist in Resources */ = {isa = PBXBuildFile; fileRef = 518B57CC2A2D0975001FFD10 /* GoogleService-Info.plist */; };
/* End PBXBuildFile section */

/* Begin PBXFileReference section */
		0F6F37C3E69299B887C14A00 /* Pods_Messenger.framework */ = {isa = PBXFileReference; explicitFileType = wrapper.framework; includeInIndex = 0; path = Pods_Messenger.framework; sourceTree = BUILT_PRODUCTS_DIR; };
		518B579F2A2BA8C1001FFD10 /* Messenger.app */ = {isa = PBXFileReference; explicitFileType = wrapper.application; includeInIndex = 0; path = Messenger.app; sourceTree = BUILT_PRODUCTS_DIR; };
		518B57A22A2BA8C1001FFD10 /* AppDelegate.swift */ = {isa = PBXFileReference; lastKnownFileType = sourcecode.swift; path = AppDelegate.swift; sourceTree = "<group>"; };
		518B57A42A2BA8C1001FFD10 /* SceneDelegate.swift */ = {isa = PBXFileReference; lastKnownFileType = sourcecode.swift; path = SceneDelegate.swift; sourceTree = "<group>"; };
		518B57A62A2BA8C1001FFD10 /* ConvertationsViewController.swift */ = {isa = PBXFileReference; lastKnownFileType = sourcecode.swift; path = ConvertationsViewController.swift; sourceTree = "<group>"; };
		518B57A92A2BA8C1001FFD10 /* Base */ = {isa = PBXFileReference; lastKnownFileType = file.storyboard; name = Base; path = Base.lproj/Main.storyboard; sourceTree = "<group>"; };
		518B57AB2A2BA8C2001FFD10 /* Assets.xcassets */ = {isa = PBXFileReference; lastKnownFileType = folder.assetcatalog; path = Assets.xcassets; sourceTree = "<group>"; };
		518B57AE2A2BA8C2001FFD10 /* Base */ = {isa = PBXFileReference; lastKnownFileType = file.storyboard; name = Base; path = Base.lproj/LaunchScreen.storyboard; sourceTree = "<group>"; };
		518B57B02A2BA8C2001FFD10 /* Info.plist */ = {isa = PBXFileReference; lastKnownFileType = text.plist.xml; path = Info.plist; sourceTree = "<group>"; };
		518B57B62A2BAA14001FFD10 /* readme.md */ = {isa = PBXFileReference; lastKnownFileType = net.daringfireball.markdown; path = readme.md; sourceTree = "<group>"; };
		518B57BD2A2BAC00001FFD10 /* LoginViewController.swift */ = {isa = PBXFileReference; lastKnownFileType = sourcecode.swift; path = LoginViewController.swift; sourceTree = "<group>"; };
		518B57BF2A2BAC0F001FFD10 /* RegisterViewController.swift */ = {isa = PBXFileReference; lastKnownFileType = sourcecode.swift; path = RegisterViewController.swift; sourceTree = "<group>"; };
		518B57C12A2BAC30001FFD10 /* PhotoViewerViewController.swift */ = {isa = PBXFileReference; lastKnownFileType = sourcecode.swift; path = PhotoViewerViewController.swift; sourceTree = "<group>"; };
		518B57C32A2BAC3C001FFD10 /* VideoPlayerViewController.swift */ = {isa = PBXFileReference; lastKnownFileType = sourcecode.swift; path = VideoPlayerViewController.swift; sourceTree = "<group>"; };
		518B57C52A2BAC6A001FFD10 /* NewConversationViewController.swift */ = {isa = PBXFileReference; lastKnownFileType = sourcecode.swift; path = NewConversationViewController.swift; sourceTree = "<group>"; };
		518B57C72A2BAC72001FFD10 /* ProfileViewController.swift */ = {isa = PBXFileReference; lastKnownFileType = sourcecode.swift; path = ProfileViewController.swift; sourceTree = "<group>"; };
		518B57CA2A2BB46C001FFD10 /* Extensions.swift */ = {isa = PBXFileReference; lastKnownFileType = sourcecode.swift; path = Extensions.swift; sourceTree = "<group>"; };
		518B57CC2A2D0975001FFD10 /* GoogleService-Info.plist */ = {isa = PBXFileReference; fileEncoding = 4; lastKnownFileType = text.plist.xml; path = "GoogleService-Info.plist"; sourceTree = "<group>"; };
		D2F5D9A93D07AAB37B2CE5D1 /* Pods-Messenger.debug.xcconfig */ = {isa = PBXFileReference; includeInIndex = 1; lastKnownFileType = text.xcconfig; name = "Pods-Messenger.debug.xcconfig"; path = "Target Support Files/Pods-Messenger/Pods-Messenger.debug.xcconfig"; sourceTree = "<group>"; };
		DB98A6B8CA4286385396F14C /* Pods-Messenger.release.xcconfig */ = {isa = PBXFileReference; includeInIndex = 1; lastKnownFileType = text.xcconfig; name = "Pods-Messenger.release.xcconfig"; path = "Target Support Files/Pods-Messenger/Pods-Messenger.release.xcconfig"; sourceTree = "<group>"; };
/* End PBXFileReference section */

/* Begin PBXFrameworksBuildPhase section */
		518B579C2A2BA8C1001FFD10 /* Frameworks */ = {
			isa = PBXFrameworksBuildPhase;
			buildActionMask = 2147483647;
			files = (
				00A3779F4040525392EDA6D5 /* Pods_Messenger.framework in Frameworks */,
			);
			runOnlyForDeploymentPostprocessing = 0;
		};
/* End PBXFrameworksBuildPhase section */

/* Begin PBXGroup section */
		16B98A6D41AF4A989C68E97E /* Frameworks */ = {
			isa = PBXGroup;
			children = (
				0F6F37C3E69299B887C14A00 /* Pods_Messenger.framework */,
			);
			name = Frameworks;
			sourceTree = "<group>";
		};
		248E0D43878C1D1459E2F65A /* Pods */ = {
			isa = PBXGroup;
			children = (
				D2F5D9A93D07AAB37B2CE5D1 /* Pods-Messenger.debug.xcconfig */,
				DB98A6B8CA4286385396F14C /* Pods-Messenger.release.xcconfig */,
			);
			path = Pods;
			sourceTree = "<group>";
		};
		518B57962A2BA8C1001FFD10 = {
			isa = PBXGroup;
			children = (
				518B57B62A2BAA14001FFD10 /* readme.md */,
				518B57A12A2BA8C1001FFD10 /* Messenger */,
				518B57A02A2BA8C1001FFD10 /* Products */,
				248E0D43878C1D1459E2F65A /* Pods */,
				16B98A6D41AF4A989C68E97E /* Frameworks */,
			);
			sourceTree = "<group>";
		};
		518B57A02A2BA8C1001FFD10 /* Products */ = {
			isa = PBXGroup;
			children = (
				518B579F2A2BA8C1001FFD10 /* Messenger.app */,
			);
			name = Products;
			sourceTree = "<group>";
		};
		518B57A12A2BA8C1001FFD10 /* Messenger */ = {
			isa = PBXGroup;
			children = (
				518B57CC2A2D0975001FFD10 /* GoogleService-Info.plist */,
				518B57BB2A2BAAC6001FFD10 /* Resources */,
				518B57B92A2BAAA7001FFD10 /* ViewModels */,
				518B57BA2A2BAABA001FFD10 /* Models */,
				518B57B82A2BAA9B001FFD10 /* Views */,
				518B57B72A2BAA8A001FFD10 /* Controllers */,
				518B57B02A2BA8C2001FFD10 /* Info.plist */,
			);
			path = Messenger;
			sourceTree = "<group>";
		};
		518B57B72A2BAA8A001FFD10 /* Controllers */ = {
			isa = PBXGroup;
			children = (
				518B57A62A2BA8C1001FFD10 /* ConvertationsViewController.swift */,
				518B57C92A2BAD77001FFD10 /* Login */,
				518B57C12A2BAC30001FFD10 /* PhotoViewerViewController.swift */,
				518B57C32A2BAC3C001FFD10 /* VideoPlayerViewController.swift */,
				518B57C52A2BAC6A001FFD10 /* NewConversationViewController.swift */,
				518B57C72A2BAC72001FFD10 /* ProfileViewController.swift */,
			);
			path = Controllers;
			sourceTree = "<group>";
		};
		518B57B82A2BAA9B001FFD10 /* Views */ = {
			isa = PBXGroup;
			children = (
				518B57BC2A2BAB09001FFD10 /* Storyboards */,
				518B57AB2A2BA8C2001FFD10 /* Assets.xcassets */,
			);
			path = Views;
			sourceTree = "<group>";
		};
		518B57B92A2BAAA7001FFD10 /* ViewModels */ = {
			isa = PBXGroup;
			children = (
			);
			path = ViewModels;
			sourceTree = "<group>";
		};
		518B57BA2A2BAABA001FFD10 /* Models */ = {
			isa = PBXGroup;
			children = (
			);
			path = Models;
			sourceTree = "<group>";
		};
		518B57BB2A2BAAC6001FFD10 /* Resources */ = {
			isa = PBXGroup;
			children = (
				518B57A22A2BA8C1001FFD10 /* AppDelegate.swift */,
				518B57A42A2BA8C1001FFD10 /* SceneDelegate.swift */,
				518B57CA2A2BB46C001FFD10 /* Extensions.swift */,
			);
			path = Resources;
			sourceTree = "<group>";
		};
		518B57BC2A2BAB09001FFD10 /* Storyboards */ = {
			isa = PBXGroup;
			children = (
				518B57A82A2BA8C1001FFD10 /* Main.storyboard */,
				518B57AD2A2BA8C2001FFD10 /* LaunchScreen.storyboard */,
			);
			path = Storyboards;
			sourceTree = "<group>";
		};
		518B57C92A2BAD77001FFD10 /* Login */ = {
			isa = PBXGroup;
			children = (
				518B57BD2A2BAC00001FFD10 /* LoginViewController.swift */,
				518B57BF2A2BAC0F001FFD10 /* RegisterViewController.swift */,
			);
			path = Login;
			sourceTree = "<group>";
		};
/* End PBXGroup section */

/* Begin PBXNativeTarget section */
		518B579E2A2BA8C1001FFD10 /* Messenger */ = {
			isa = PBXNativeTarget;
			buildConfigurationList = 518B57B32A2BA8C2001FFD10 /* Build configuration list for PBXNativeTarget "Messenger" */;
			buildPhases = (
				F79205C49653652E187C3459 /* [CP] Check Pods Manifest.lock */,
				518B579B2A2BA8C1001FFD10 /* Sources */,
				518B579C2A2BA8C1001FFD10 /* Frameworks */,
				518B579D2A2BA8C1001FFD10 /* Resources */,
				2115A2B1D81B282F749FE2AB /* [CP] Embed Pods Frameworks */,
			);
			buildRules = (
			);
			dependencies = (
			);
			name = Messenger;
			productName = Messenger;
			productReference = 518B579F2A2BA8C1001FFD10 /* Messenger.app */;
			productType = "com.apple.product-type.application";
		};
/* End PBXNativeTarget section */

/* Begin PBXProject section */
		518B57972A2BA8C1001FFD10 /* Project object */ = {
			isa = PBXProject;
			attributes = {
				BuildIndependentTargetsInParallel = 1;
				LastSwiftUpdateCheck = 1430;
				LastUpgradeCheck = 1430;
				TargetAttributes = {
					518B579E2A2BA8C1001FFD10 = {
						CreatedOnToolsVersion = 14.3;
					};
				};
			};
			buildConfigurationList = 518B579A2A2BA8C1001FFD10 /* Build configuration list for PBXProject "Messenger" */;
			compatibilityVersion = "Xcode 14.0";
			developmentRegion = en;
			hasScannedForEncodings = 0;
			knownRegions = (
				en,
				Base,
			);
			mainGroup = 518B57962A2BA8C1001FFD10;
			productRefGroup = 518B57A02A2BA8C1001FFD10 /* Products */;
			projectDirPath = "";
			projectRoot = "";
			targets = (
				518B579E2A2BA8C1001FFD10 /* Messenger */,
			);
		};
/* End PBXProject section */

/* Begin PBXResourcesBuildPhase section */
		518B579D2A2BA8C1001FFD10 /* Resources */ = {
			isa = PBXResourcesBuildPhase;
			buildActionMask = 2147483647;
			files = (
				518B57AF2A2BA8C2001FFD10 /* LaunchScreen.storyboard in Resources */,
				518B57CD2A2D0975001FFD10 /* GoogleService-Info.plist in Resources */,
				518B57AC2A2BA8C2001FFD10 /* Assets.xcassets in Resources */,
				518B57AA2A2BA8C1001FFD10 /* Main.storyboard in Resources */,
			);
			runOnlyForDeploymentPostprocessing = 0;
		};
/* End PBXResourcesBuildPhase section */

/* Begin PBXShellScriptBuildPhase section */
		2115A2B1D81B282F749FE2AB /* [CP] Embed Pods Frameworks */ = {
			isa = PBXShellScriptBuildPhase;
			buildActionMask = 2147483647;
			files = (
			);
			inputFileListPaths = (
				"${PODS_ROOT}/Target Support Files/Pods-Messenger/Pods-Messenger-frameworks-${CONFIGURATION}-input-files.xcfilelist",
			);
			name = "[CP] Embed Pods Frameworks";
			outputFileListPaths = (
				"${PODS_ROOT}/Target Support Files/Pods-Messenger/Pods-Messenger-frameworks-${CONFIGURATION}-output-files.xcfilelist",
			);
			runOnlyForDeploymentPostprocessing = 0;
			shellPath = /bin/sh;
			shellScript = "\"${PODS_ROOT}/Target Support Files/Pods-Messenger/Pods-Messenger-frameworks.sh\"\n";
			showEnvVarsInLog = 0;
		};
		F79205C49653652E187C3459 /* [CP] Check Pods Manifest.lock */ = {
			isa = PBXShellScriptBuildPhase;
			buildActionMask = 2147483647;
			files = (
			);
			inputFileListPaths = (
			);
			inputPaths = (
				"${PODS_PODFILE_DIR_PATH}/Podfile.lock",
				"${PODS_ROOT}/Manifest.lock",
			);
			name = "[CP] Check Pods Manifest.lock";
			outputFileListPaths = (
			);
			outputPaths = (
				"$(DERIVED_FILE_DIR)/Pods-Messenger-checkManifestLockResult.txt",
			);
			runOnlyForDeploymentPostprocessing = 0;
			shellPath = /bin/sh;
			shellScript = "diff \"${PODS_PODFILE_DIR_PATH}/Podfile.lock\" \"${PODS_ROOT}/Manifest.lock\" > /dev/null\nif [ $? != 0 ] ; then\n    # print error to STDERR\n    echo \"error: The sandbox is not in sync with the Podfile.lock. Run 'pod install' or update your CocoaPods installation.\" >&2\n    exit 1\nfi\n# This output is used by Xcode 'outputs' to avoid re-running this script phase.\necho \"SUCCESS\" > \"${SCRIPT_OUTPUT_FILE_0}\"\n";
			showEnvVarsInLog = 0;
		};
/* End PBXShellScriptBuildPhase section */

/* Begin PBXSourcesBuildPhase section */
		518B579B2A2BA8C1001FFD10 /* Sources */ = {
			isa = PBXSourcesBuildPhase;
			buildActionMask = 2147483647;
			files = (
				518B57BE2A2BAC00001FFD10 /* LoginViewController.swift in Sources */,
				518B57C02A2BAC0F001FFD10 /* RegisterViewController.swift in Sources */,
				518B57C62A2BAC6A001FFD10 /* NewConversationViewController.swift in Sources */,
				518B57A72A2BA8C1001FFD10 /* ConvertationsViewController.swift in Sources */,
				518B57C42A2BAC3C001FFD10 /* VideoPlayerViewController.swift in Sources */,
				518B57CB2A2BB46C001FFD10 /* Extensions.swift in Sources */,
				518B57A32A2BA8C1001FFD10 /* AppDelegate.swift in Sources */,
				518B57C82A2BAC72001FFD10 /* ProfileViewController.swift in Sources */,
				518B57A52A2BA8C1001FFD10 /* SceneDelegate.swift in Sources */,
				518B57C22A2BAC30001FFD10 /* PhotoViewerViewController.swift in Sources */,
			);
			runOnlyForDeploymentPostprocessing = 0;
		};
/* End PBXSourcesBuildPhase section */

/* Begin PBXVariantGroup section */
		518B57A82A2BA8C1001FFD10 /* Main.storyboard */ = {
			isa = PBXVariantGroup;
			children = (
				518B57A92A2BA8C1001FFD10 /* Base */,
			);
			name = Main.storyboard;
			sourceTree = "<group>";
		};
		518B57AD2A2BA8C2001FFD10 /* LaunchScreen.storyboard */ = {
			isa = PBXVariantGroup;
			children = (
				518B57AE2A2BA8C2001FFD10 /* Base */,
			);
			name = LaunchScreen.storyboard;
			sourceTree = "<group>";
		};
/* End PBXVariantGroup section */

/* Begin XCBuildConfiguration section */
		518B57B12A2BA8C2001FFD10 /* Debug */ = {
			isa = XCBuildConfiguration;
			buildSettings = {
				ALWAYS_SEARCH_USER_PATHS = NO;
				CLANG_ANALYZER_NONNULL = YES;
				CLANG_ANALYZER_NUMBER_OBJECT_CONVERSION = YES_AGGRESSIVE;
				CLANG_CXX_LANGUAGE_STANDARD = "gnu++20";
				CLANG_ENABLE_MODULES = YES;
				CLANG_ENABLE_OBJC_ARC = YES;
				CLANG_ENABLE_OBJC_WEAK = YES;
				CLANG_WARN_BLOCK_CAPTURE_AUTORELEASING = YES;
				CLANG_WARN_BOOL_CONVERSION = YES;
				CLANG_WARN_COMMA = YES;
				CLANG_WARN_CONSTANT_CONVERSION = YES;
				CLANG_WARN_DEPRECATED_OBJC_IMPLEMENTATIONS = YES;
				CLANG_WARN_DIRECT_OBJC_ISA_USAGE = YES_ERROR;
				CLANG_WARN_DOCUMENTATION_COMMENTS = YES;
				CLANG_WARN_EMPTY_BODY = YES;
				CLANG_WARN_ENUM_CONVERSION = YES;
				CLANG_WARN_INFINITE_RECURSION = YES;
				CLANG_WARN_INT_CONVERSION = YES;
				CLANG_WARN_NON_LITERAL_NULL_CONVERSION = YES;
				CLANG_WARN_OBJC_IMPLICIT_RETAIN_SELF = YES;
				CLANG_WARN_OBJC_LITERAL_CONVERSION = YES;
				CLANG_WARN_OBJC_ROOT_CLASS = YES_ERROR;
				CLANG_WARN_QUOTED_INCLUDE_IN_FRAMEWORK_HEADER = YES;
				CLANG_WARN_RANGE_LOOP_ANALYSIS = YES;
				CLANG_WARN_STRICT_PROTOTYPES = YES;
				CLANG_WARN_SUSPICIOUS_MOVE = YES;
				CLANG_WARN_UNGUARDED_AVAILABILITY = YES_AGGRESSIVE;
				CLANG_WARN_UNREACHABLE_CODE = YES;
				CLANG_WARN__DUPLICATE_METHOD_MATCH = YES;
				COPY_PHASE_STRIP = NO;
				DEBUG_INFORMATION_FORMAT = dwarf;
				ENABLE_STRICT_OBJC_MSGSEND = YES;
				ENABLE_TESTABILITY = YES;
				GCC_C_LANGUAGE_STANDARD = gnu11;
				GCC_DYNAMIC_NO_PIC = NO;
				GCC_NO_COMMON_BLOCKS = YES;
				GCC_OPTIMIZATION_LEVEL = 0;
				GCC_PREPROCESSOR_DEFINITIONS = (
					"DEBUG=1",
					"$(inherited)",
				);
				GCC_WARN_64_TO_32_BIT_CONVERSION = YES;
				GCC_WARN_ABOUT_RETURN_TYPE = YES_ERROR;
				GCC_WARN_UNDECLARED_SELECTOR = YES;
				GCC_WARN_UNINITIALIZED_AUTOS = YES_AGGRESSIVE;
				GCC_WARN_UNUSED_FUNCTION = YES;
				GCC_WARN_UNUSED_VARIABLE = YES;
				IPHONEOS_DEPLOYMENT_TARGET = 16.4;
				MTL_ENABLE_DEBUG_INFO = INCLUDE_SOURCE;
				MTL_FAST_MATH = YES;
				ONLY_ACTIVE_ARCH = YES;
				SDKROOT = iphoneos;
				SWIFT_ACTIVE_COMPILATION_CONDITIONS = DEBUG;
				SWIFT_OPTIMIZATION_LEVEL = "-Onone";
			};
			name = Debug;
		};
		518B57B22A2BA8C2001FFD10 /* Release */ = {
			isa = XCBuildConfiguration;
			buildSettings = {
				ALWAYS_SEARCH_USER_PATHS = NO;
				CLANG_ANALYZER_NONNULL = YES;
				CLANG_ANALYZER_NUMBER_OBJECT_CONVERSION = YES_AGGRESSIVE;
				CLANG_CXX_LANGUAGE_STANDARD = "gnu++20";
				CLANG_ENABLE_MODULES = YES;
				CLANG_ENABLE_OBJC_ARC = YES;
				CLANG_ENABLE_OBJC_WEAK = YES;
				CLANG_WARN_BLOCK_CAPTURE_AUTORELEASING = YES;
				CLANG_WARN_BOOL_CONVERSION = YES;
				CLANG_WARN_COMMA = YES;
				CLANG_WARN_CONSTANT_CONVERSION = YES;
				CLANG_WARN_DEPRECATED_OBJC_IMPLEMENTATIONS = YES;
				CLANG_WARN_DIRECT_OBJC_ISA_USAGE = YES_ERROR;
				CLANG_WARN_DOCUMENTATION_COMMENTS = YES;
				CLANG_WARN_EMPTY_BODY = YES;
				CLANG_WARN_ENUM_CONVERSION = YES;
				CLANG_WARN_INFINITE_RECURSION = YES;
				CLANG_WARN_INT_CONVERSION = YES;
				CLANG_WARN_NON_LITERAL_NULL_CONVERSION = YES;
				CLANG_WARN_OBJC_IMPLICIT_RETAIN_SELF = YES;
				CLANG_WARN_OBJC_LITERAL_CONVERSION = YES;
				CLANG_WARN_OBJC_ROOT_CLASS = YES_ERROR;
				CLANG_WARN_QUOTED_INCLUDE_IN_FRAMEWORK_HEADER = YES;
				CLANG_WARN_RANGE_LOOP_ANALYSIS = YES;
				CLANG_WARN_STRICT_PROTOTYPES = YES;
				CLANG_WARN_SUSPICIOUS_MOVE = YES;
				CLANG_WARN_UNGUARDED_AVAILABILITY = YES_AGGRESSIVE;
				CLANG_WARN_UNREACHABLE_CODE = YES;
				CLANG_WARN__DUPLICATE_METHOD_MATCH = YES;
				COPY_PHASE_STRIP = NO;
				DEBUG_INFORMATION_FORMAT = "dwarf-with-dsym";
				ENABLE_NS_ASSERTIONS = NO;
				ENABLE_STRICT_OBJC_MSGSEND = YES;
				GCC_C_LANGUAGE_STANDARD = gnu11;
				GCC_NO_COMMON_BLOCKS = YES;
				GCC_WARN_64_TO_32_BIT_CONVERSION = YES;
				GCC_WARN_ABOUT_RETURN_TYPE = YES_ERROR;
				GCC_WARN_UNDECLARED_SELECTOR = YES;
				GCC_WARN_UNINITIALIZED_AUTOS = YES_AGGRESSIVE;
				GCC_WARN_UNUSED_FUNCTION = YES;
				GCC_WARN_UNUSED_VARIABLE = YES;
				IPHONEOS_DEPLOYMENT_TARGET = 16.4;
				MTL_ENABLE_DEBUG_INFO = NO;
				MTL_FAST_MATH = YES;
				SDKROOT = iphoneos;
				SWIFT_COMPILATION_MODE = wholemodule;
				SWIFT_OPTIMIZATION_LEVEL = "-O";
				VALIDATE_PRODUCT = YES;
			};
			name = Release;
		};
		518B57B42A2BA8C2001FFD10 /* Debug */ = {
			isa = XCBuildConfiguration;
			baseConfigurationReference = D2F5D9A93D07AAB37B2CE5D1 /* Pods-Messenger.debug.xcconfig */;
			buildSettings = {
				ASSETCATALOG_COMPILER_APPICON_NAME = AppIcon;
				ASSETCATALOG_COMPILER_GLOBAL_ACCENT_COLOR_NAME = AccentColor;
				CODE_SIGN_STYLE = Automatic;
				CURRENT_PROJECT_VERSION = 1;
				DEVELOPMENT_TEAM = 5YYRM2HX2Q;
				GENERATE_INFOPLIST_FILE = YES;
				INFOPLIST_FILE = Messenger/Info.plist;
				INFOPLIST_KEY_UIApplicationSupportsIndirectInputEvents = YES;
				INFOPLIST_KEY_UILaunchStoryboardName = LaunchScreen;
				INFOPLIST_KEY_UIMainStoryboardFile = Main;
				INFOPLIST_KEY_UISupportedInterfaceOrientations = UIInterfaceOrientationPortrait;
				INFOPLIST_KEY_UISupportedInterfaceOrientations_iPad = "UIInterfaceOrientationPortrait UIInterfaceOrientationPortraitUpsideDown";
				IPHONEOS_DEPLOYMENT_TARGET = 15.6;
				LD_RUNPATH_SEARCH_PATHS = (
					"$(inherited)",
					"@executable_path/Frameworks",
				);
				MARKETING_VERSION = 1.0;
				PRODUCT_BUNDLE_IDENTIFIER = shubhamlekhak.Messenger;
				PRODUCT_NAME = "$(TARGET_NAME)";
				SWIFT_EMIT_LOC_STRINGS = YES;
				SWIFT_VERSION = 5.0;
				TARGETED_DEVICE_FAMILY = "1,2";
			};
			name = Debug;
		};
		518B57B52A2BA8C2001FFD10 /* Release */ = {
			isa = XCBuildConfiguration;
			baseConfigurationReference = DB98A6B8CA4286385396F14C /* Pods-Messenger.release.xcconfig */;
			buildSettings = {
				ASSETCATALOG_COMPILER_APPICON_NAME = AppIcon;
				ASSETCATALOG_COMPILER_GLOBAL_ACCENT_COLOR_NAME = AccentColor;
				CODE_SIGN_STYLE = Automatic;
				CURRENT_PROJECT_VERSION = 1;
				DEVELOPMENT_TEAM = 5YYRM2HX2Q;
				GENERATE_INFOPLIST_FILE = YES;
				INFOPLIST_FILE = Messenger/Info.plist;
				INFOPLIST_KEY_UIApplicationSupportsIndirectInputEvents = YES;
				INFOPLIST_KEY_UILaunchStoryboardName = LaunchScreen;
				INFOPLIST_KEY_UIMainStoryboardFile = Main;
				INFOPLIST_KEY_UISupportedInterfaceOrientations = UIInterfaceOrientationPortrait;
				INFOPLIST_KEY_UISupportedInterfaceOrientations_iPad = "UIInterfaceOrientationPortrait UIInterfaceOrientationPortraitUpsideDown";
				IPHONEOS_DEPLOYMENT_TARGET = 15.6;
				LD_RUNPATH_SEARCH_PATHS = (
					"$(inherited)",
					"@executable_path/Frameworks",
				);
				MARKETING_VERSION = 1.0;
				PRODUCT_BUNDLE_IDENTIFIER = shubhamlekhak.Messenger;
				PRODUCT_NAME = "$(TARGET_NAME)";
				SWIFT_EMIT_LOC_STRINGS = YES;
				SWIFT_VERSION = 5.0;
				TARGETED_DEVICE_FAMILY = "1,2";
			};
			name = Release;
		};
/* End XCBuildConfiguration section */

/* Begin XCConfigurationList section */
		518B579A2A2BA8C1001FFD10 /* Build configuration list for PBXProject "Messenger" */ = {
			isa = XCConfigurationList;
			buildConfigurations = (
				518B57B12A2BA8C2001FFD10 /* Debug */,
				518B57B22A2BA8C2001FFD10 /* Release */,
			);
			defaultConfigurationIsVisible = 0;
			defaultConfigurationName = Release;
		};
		518B57B32A2BA8C2001FFD10 /* Build configuration list for PBXNativeTarget "Messenger" */ = {
			isa = XCConfigurationList;
			buildConfigurations = (
				518B57B42A2BA8C2001FFD10 /* Debug */,
				518B57B52A2BA8C2001FFD10 /* Release */,
			);
			defaultConfigurationIsVisible = 0;
			defaultConfigurationName = Release;
		};
/* End XCConfigurationList section */
	};
	rootObject = 518B57972A2BA8C1001FFD10 /* Project object */;
}
